{
  "pins" : [
    {
      "identity" : "applin-ios",
      "kind" : "remoteSourceControl",
      "location" : "https://github.com/leonhard-llc/applin-ios.git",
      "state" : {
        "revision" : "ffe032e84495e25f8944f1d1a3968c8916ea4bcd",
        "version" : "0.18.0"
      }
    }
  ],
  "version" : 2
}
