{
  "pins" : [
    {
      "identity" : "applin-ios",
      "kind" : "remoteSourceControl",
      "location" : "https://github.com/leonhard-llc/applin-ios.git",
      "state" : {
        "revision" : "403e0c1fe869c9fb4be176c14d87a713381c6a1c",
        "version" : "0.21.0"
      }
    }
  ],
  "version" : 2
}
