{
  "pins" : [
    {
      "identity" : "applin-ios",
      "kind" : "remoteSourceControl",
      "location" : "https://github.com/leonhard-llc/applin-ios.git",
      "state" : {
        "revision" : "acfd09f5ad252e0ecbf3cd91c405f08cb940d58c",
        "version" : "0.22.0"
      }
    }
  ],
  "version" : 2
}
